// !$*UTF8*$!
{
	archiveVersion = 1;
	classes = {
	};
	objectVersion = 46;
	objects = {

/* Begin PBXBuildFile section */
		7FE7F3E81CE70AB9004CAC48 /* AppDelegate.swift in Sources */ = {isa = PBXBuildFile; fileRef = 7FE7F3E71CE70AB9004CAC48 /* AppDelegate.swift */; };
		7FE7F3EA1CE70AB9004CAC48 /* GameScene.sks in Resources */ = {isa = PBXBuildFile; fileRef = 7FE7F3E91CE70AB9004CAC48 /* GameScene.sks */; };
		7FE7F3EC1CE70AB9004CAC48 /* GameScene.swift in Sources */ = {isa = PBXBuildFile; fileRef = 7FE7F3EB1CE70AB9004CAC48 /* GameScene.swift */; };
		7FE7F3EE1CE70AB9004CAC48 /* GameViewController.swift in Sources */ = {isa = PBXBuildFile; fileRef = 7FE7F3ED1CE70AB9004CAC48 /* GameViewController.swift */; };
		7FE7F3F11CE70AB9004CAC48 /* Main.storyboard in Resources */ = {isa = PBXBuildFile; fileRef = 7FE7F3EF1CE70AB9004CAC48 /* Main.storyboard */; };
		7FE7F3F31CE70AB9004CAC48 /* Assets.xcassets in Resources */ = {isa = PBXBuildFile; fileRef = 7FE7F3F21CE70AB9004CAC48 /* Assets.xcassets */; };
		7FE7F3F61CE70AB9004CAC48 /* LaunchScreen.storyboard in Resources */ = {isa = PBXBuildFile; fileRef = 7FE7F3F41CE70AB9004CAC48 /* LaunchScreen.storyboard */; };
		7FE7F3FE1CE70F0C004CAC48 /* GameOver.swift in Sources */ = {isa = PBXBuildFile; fileRef = 7FE7F3FD1CE70F0C004CAC48 /* GameOver.swift */; };
		7FE7F4001CE7173D004CAC48 /* MovingGround.swift in Sources */ = {isa = PBXBuildFile; fileRef = 7FE7F3FF1CE7173D004CAC48 /* MovingGround.swift */; };
		7FE7F4021CE89BB3004CAC48 /* MovingBackground.swift in Sources */ = {isa = PBXBuildFile; fileRef = 7FE7F4011CE89BB3004CAC48 /* MovingBackground.swift */; };
		7FE7F4041CE8AB11004CAC48 /* MovingMidground.swift in Sources */ = {isa = PBXBuildFile; fileRef = 7FE7F4031CE8AB11004CAC48 /* MovingMidground.swift */; };
		7FE7F4061CE8AE55004CAC48 /* MovingForground.swift in Sources */ = {isa = PBXBuildFile; fileRef = 7FE7F4051CE8AE55004CAC48 /* MovingForground.swift */; };
		7FE7F4081CE8DC02004CAC48 /* Plane.swift in Sources */ = {isa = PBXBuildFile; fileRef = 7FE7F4071CE8DC02004CAC48 /* Plane.swift */; };
		7FE7F40A1CE8DE86004CAC48 /* Model.swift in Sources */ = {isa = PBXBuildFile; fileRef = 7FE7F4091CE8DE86004CAC48 /* Model.swift */; };
		7FE7F40C1CE9148A004CAC48 /* Constants.swift in Sources */ = {isa = PBXBuildFile; fileRef = 7FE7F40B1CE9148A004CAC48 /* Constants.swift */; };
		7FE7F40F1CE92FB1004CAC48 /* bgMusic64.mp3 in Resources */ = {isa = PBXBuildFile; fileRef = 7FE7F40E1CE92FB1004CAC48 /* bgMusic64.mp3 */; };
		7FE7F4111CE92FBB004CAC48 /* firstblood.mp3 in Resources */ = {isa = PBXBuildFile; fileRef = 7FE7F4101CE92FBB004CAC48 /* firstblood.mp3 */; };
		7FE7F4131CE92FCA004CAC48 /* bgMusic.mp3 in Resources */ = {isa = PBXBuildFile; fileRef = 7FE7F4121CE92FCA004CAC48 /* bgMusic.mp3 */; };
		7FE7F4151CE92FE0004CAC48 /* fail.mp3 in Resources */ = {isa = PBXBuildFile; fileRef = 7FE7F4141CE92FE0004CAC48 /* fail.mp3 */; };
/* End PBXBuildFile section */

/* Begin PBXFileReference section */
		7FE7F3E41CE70AB9004CAC48 /* Floomer.app */ = {isa = PBXFileReference; explicitFileType = wrapper.application; includeInIndex = 0; path = Floomer.app; sourceTree = BUILT_PRODUCTS_DIR; };
		7FE7F3E71CE70AB9004CAC48 /* AppDelegate.swift */ = {isa = PBXFileReference; lastKnownFileType = sourcecode.swift; path = AppDelegate.swift; sourceTree = "<group>"; };
		7FE7F3E91CE70AB9004CAC48 /* GameScene.sks */ = {isa = PBXFileReference; lastKnownFileType = file.sks; path = GameScene.sks; sourceTree = "<group>"; };
		7FE7F3EB1CE70AB9004CAC48 /* GameScene.swift */ = {isa = PBXFileReference; lastKnownFileType = sourcecode.swift; path = GameScene.swift; sourceTree = "<group>"; };
		7FE7F3ED1CE70AB9004CAC48 /* GameViewController.swift */ = {isa = PBXFileReference; lastKnownFileType = sourcecode.swift; path = GameViewController.swift; sourceTree = "<group>"; };
		7FE7F3F01CE70AB9004CAC48 /* Base */ = {isa = PBXFileReference; lastKnownFileType = file.storyboard; name = Base; path = Base.lproj/Main.storyboard; sourceTree = "<group>"; };
		7FE7F3F21CE70AB9004CAC48 /* Assets.xcassets */ = {isa = PBXFileReference; lastKnownFileType = folder.assetcatalog; path = Assets.xcassets; sourceTree = "<group>"; };
		7FE7F3F51CE70AB9004CAC48 /* Base */ = {isa = PBXFileReference; lastKnownFileType = file.storyboard; name = Base; path = Base.lproj/LaunchScreen.storyboard; sourceTree = "<group>"; };
		7FE7F3F71CE70AB9004CAC48 /* Info.plist */ = {isa = PBXFileReference; lastKnownFileType = text.plist.xml; path = Info.plist; sourceTree = "<group>"; };
		7FE7F3FD1CE70F0C004CAC48 /* GameOver.swift */ = {isa = PBXFileReference; fileEncoding = 4; lastKnownFileType = sourcecode.swift; path = GameOver.swift; sourceTree = "<group>"; };
		7FE7F3FF1CE7173D004CAC48 /* MovingGround.swift */ = {isa = PBXFileReference; fileEncoding = 4; lastKnownFileType = sourcecode.swift; path = MovingGround.swift; sourceTree = "<group>"; };
		7FE7F4011CE89BB3004CAC48 /* MovingBackground.swift */ = {isa = PBXFileReference; fileEncoding = 4; lastKnownFileType = sourcecode.swift; path = MovingBackground.swift; sourceTree = "<group>"; };
		7FE7F4031CE8AB11004CAC48 /* MovingMidground.swift */ = {isa = PBXFileReference; fileEncoding = 4; lastKnownFileType = sourcecode.swift; path = MovingMidground.swift; sourceTree = "<group>"; };
		7FE7F4051CE8AE55004CAC48 /* MovingForground.swift */ = {isa = PBXFileReference; fileEncoding = 4; lastKnownFileType = sourcecode.swift; path = MovingForground.swift; sourceTree = "<group>"; };
		7FE7F4071CE8DC02004CAC48 /* Plane.swift */ = {isa = PBXFileReference; fileEncoding = 4; lastKnownFileType = sourcecode.swift; path = Plane.swift; sourceTree = "<group>"; };
		7FE7F4091CE8DE86004CAC48 /* Model.swift */ = {isa = PBXFileReference; fileEncoding = 4; lastKnownFileType = sourcecode.swift; path = Model.swift; sourceTree = "<group>"; };
		7FE7F40B1CE9148A004CAC48 /* Constants.swift */ = {isa = PBXFileReference; fileEncoding = 4; lastKnownFileType = sourcecode.swift; path = Constants.swift; sourceTree = "<group>"; };
		7FE7F40E1CE92FB1004CAC48 /* bgMusic64.mp3 */ = {isa = PBXFileReference; lastKnownFileType = audio.mp3; path = bgMusic64.mp3; sourceTree = "<group>"; };
		7FE7F4101CE92FBB004CAC48 /* firstblood.mp3 */ = {isa = PBXFileReference; lastKnownFileType = audio.mp3; path = firstblood.mp3; sourceTree = "<group>"; };
		7FE7F4121CE92FCA004CAC48 /* bgMusic.mp3 */ = {isa = PBXFileReference; lastKnownFileType = audio.mp3; path = bgMusic.mp3; sourceTree = "<group>"; };
		7FE7F4141CE92FE0004CAC48 /* fail.mp3 */ = {isa = PBXFileReference; lastKnownFileType = audio.mp3; path = fail.mp3; sourceTree = "<group>"; };
/* End PBXFileReference section */

/* Begin PBXFrameworksBuildPhase section */
		7FE7F3E11CE70AB9004CAC48 /* Frameworks */ = {
			isa = PBXFrameworksBuildPhase;
			buildActionMask = 2147483647;
			files = (
			);
			runOnlyForDeploymentPostprocessing = 0;
		};
/* End PBXFrameworksBuildPhase section */

/* Begin PBXGroup section */
		7FE7F3DB1CE70AB9004CAC48 = {
			isa = PBXGroup;
			children = (
				7FE7F3E61CE70AB9004CAC48 /* Floomer */,
				7FE7F3E51CE70AB9004CAC48 /* Products */,
			);
			sourceTree = "<group>";
		};
		7FE7F3E51CE70AB9004CAC48 /* Products */ = {
			isa = PBXGroup;
			children = (
				7FE7F3E41CE70AB9004CAC48 /* Floomer.app */,
			);
			name = Products;
			sourceTree = "<group>";
		};
		7FE7F3E61CE70AB9004CAC48 /* Floomer */ = {
			isa = PBXGroup;
			children = (
				7FE7F40D1CE92F80004CAC48 /* Audio */,
				7FE7F3E71CE70AB9004CAC48 /* AppDelegate.swift */,
				7FE7F3E91CE70AB9004CAC48 /* GameScene.sks */,
				7FE7F3EB1CE70AB9004CAC48 /* GameScene.swift */,
				7FE7F4051CE8AE55004CAC48 /* MovingForground.swift */,
				7FE7F3FD1CE70F0C004CAC48 /* GameOver.swift */,
				7FE7F40B1CE9148A004CAC48 /* Constants.swift */,
				7FE7F3ED1CE70AB9004CAC48 /* GameViewController.swift */,
				7FE7F3EF1CE70AB9004CAC48 /* Main.storyboard */,
				7FE7F3F21CE70AB9004CAC48 /* Assets.xcassets */,
				7FE7F4071CE8DC02004CAC48 /* Plane.swift */,
				7FE7F4091CE8DE86004CAC48 /* Model.swift */,
				7FE7F4011CE89BB3004CAC48 /* MovingBackground.swift */,
				7FE7F4031CE8AB11004CAC48 /* MovingMidground.swift */,
				7FE7F3F41CE70AB9004CAC48 /* LaunchScreen.storyboard */,
				7FE7F3F71CE70AB9004CAC48 /* Info.plist */,
				7FE7F3FF1CE7173D004CAC48 /* MovingGround.swift */,
			);
			path = Floomer;
			sourceTree = "<group>";
		};
		7FE7F40D1CE92F80004CAC48 /* Audio */ = {
			isa = PBXGroup;
			children = (
				7FE7F4141CE92FE0004CAC48 /* fail.mp3 */,
				7FE7F4121CE92FCA004CAC48 /* bgMusic.mp3 */,
				7FE7F4101CE92FBB004CAC48 /* firstblood.mp3 */,
				7FE7F40E1CE92FB1004CAC48 /* bgMusic64.mp3 */,
			);
			name = Audio;
			sourceTree = "<group>";
		};
/* End PBXGroup section */

/* Begin PBXNativeTarget section */
		7FE7F3E31CE70AB9004CAC48 /* Floomer */ = {
			isa = PBXNativeTarget;
			buildConfigurationList = 7FE7F3FA1CE70AB9004CAC48 /* Build configuration list for PBXNativeTarget "Floomer" */;
			buildPhases = (
				7FE7F3E01CE70AB9004CAC48 /* Sources */,
				7FE7F3E11CE70AB9004CAC48 /* Frameworks */,
				7FE7F3E21CE70AB9004CAC48 /* Resources */,
			);
			buildRules = (
			);
			dependencies = (
			);
			name = Floomer;
			productName = Floomer;
			productReference = 7FE7F3E41CE70AB9004CAC48 /* Floomer.app */;
			productType = "com.apple.product-type.application";
		};
/* End PBXNativeTarget section */

/* Begin PBXProject section */
		7FE7F3DC1CE70AB9004CAC48 /* Project object */ = {
			isa = PBXProject;
			attributes = {
				LastSwiftUpdateCheck = 0720;
				LastUpgradeCheck = 0720;
				ORGANIZATIONNAME = "Daniel Ungerfält";
				TargetAttributes = {
					7FE7F3E31CE70AB9004CAC48 = {
						CreatedOnToolsVersion = 7.2;
						DevelopmentTeam = 2ZDJ438HX9;
					};
				};
			};
			buildConfigurationList = 7FE7F3DF1CE70AB9004CAC48 /* Build configuration list for PBXProject "Floomer" */;
			compatibilityVersion = "Xcode 3.2";
			developmentRegion = English;
			hasScannedForEncodings = 0;
			knownRegions = (
				en,
				Base,
			);
			mainGroup = 7FE7F3DB1CE70AB9004CAC48;
			productRefGroup = 7FE7F3E51CE70AB9004CAC48 /* Products */;
			projectDirPath = "";
			projectRoot = "";
			targets = (
				7FE7F3E31CE70AB9004CAC48 /* Floomer */,
			);
		};
/* End PBXProject section */

/* Begin PBXResourcesBuildPhase section */
		7FE7F3E21CE70AB9004CAC48 /* Resources */ = {
			isa = PBXResourcesBuildPhase;
			buildActionMask = 2147483647;
			files = (
				7FE7F4111CE92FBB004CAC48 /* firstblood.mp3 in Resources */,
				7FE7F40F1CE92FB1004CAC48 /* bgMusic64.mp3 in Resources */,
				7FE7F4151CE92FE0004CAC48 /* fail.mp3 in Resources */,
				7FE7F4131CE92FCA004CAC48 /* bgMusic.mp3 in Resources */,
				7FE7F3EA1CE70AB9004CAC48 /* GameScene.sks in Resources */,
				7FE7F3F61CE70AB9004CAC48 /* LaunchScreen.storyboard in Resources */,
				7FE7F3F31CE70AB9004CAC48 /* Assets.xcassets in Resources */,
				7FE7F3F11CE70AB9004CAC48 /* Main.storyboard in Resources */,
			);
			runOnlyForDeploymentPostprocessing = 0;
		};
/* End PBXResourcesBuildPhase section */

/* Begin PBXSourcesBuildPhase section */
		7FE7F3E01CE70AB9004CAC48 /* Sources */ = {
			isa = PBXSourcesBuildPhase;
			buildActionMask = 2147483647;
			files = (
				7FE7F3EC1CE70AB9004CAC48 /* GameScene.swift in Sources */,
				7FE7F40C1CE9148A004CAC48 /* Constants.swift in Sources */,
				7FE7F4081CE8DC02004CAC48 /* Plane.swift in Sources */,
				7FE7F4001CE7173D004CAC48 /* MovingGround.swift in Sources */,
				7FE7F3EE1CE70AB9004CAC48 /* GameViewController.swift in Sources */,
				7FE7F3E81CE70AB9004CAC48 /* AppDelegate.swift in Sources */,
				7FE7F40A1CE8DE86004CAC48 /* Model.swift in Sources */,
				7FE7F3FE1CE70F0C004CAC48 /* GameOver.swift in Sources */,
				7FE7F4021CE89BB3004CAC48 /* MovingBackground.swift in Sources */,
				7FE7F4061CE8AE55004CAC48 /* MovingForground.swift in Sources */,
				7FE7F4041CE8AB11004CAC48 /* MovingMidground.swift in Sources */,
			);
			runOnlyForDeploymentPostprocessing = 0;
		};
/* End PBXSourcesBuildPhase section */

/* Begin PBXVariantGroup section */
		7FE7F3EF1CE70AB9004CAC48 /* Main.storyboard */ = {
			isa = PBXVariantGroup;
			children = (
				7FE7F3F01CE70AB9004CAC48 /* Base */,
			);
			name = Main.storyboard;
			sourceTree = "<group>";
		};
		7FE7F3F41CE70AB9004CAC48 /* LaunchScreen.storyboard */ = {
			isa = PBXVariantGroup;
			children = (
				7FE7F3F51CE70AB9004CAC48 /* Base */,
			);
			name = LaunchScreen.storyboard;
			sourceTree = "<group>";
		};
/* End PBXVariantGroup section */

/* Begin XCBuildConfiguration section */
		7FE7F3F81CE70AB9004CAC48 /* Debug */ = {
			isa = XCBuildConfiguration;
			buildSettings = {
				ALWAYS_SEARCH_USER_PATHS = NO;
				CLANG_CXX_LANGUAGE_STANDARD = "gnu++0x";
				CLANG_CXX_LIBRARY = "libc++";
				CLANG_ENABLE_MODULES = YES;
				CLANG_ENABLE_OBJC_ARC = YES;
				CLANG_WARN_BOOL_CONVERSION = YES;
				CLANG_WARN_CONSTANT_CONVERSION = YES;
				CLANG_WARN_DIRECT_OBJC_ISA_USAGE = YES_ERROR;
				CLANG_WARN_EMPTY_BODY = YES;
				CLANG_WARN_ENUM_CONVERSION = YES;
				CLANG_WARN_INT_CONVERSION = YES;
				CLANG_WARN_OBJC_ROOT_CLASS = YES_ERROR;
				CLANG_WARN_UNREACHABLE_CODE = YES;
				CLANG_WARN__DUPLICATE_METHOD_MATCH = YES;
				"CODE_SIGN_IDENTITY[sdk=iphoneos*]" = "iPhone Developer";
				COPY_PHASE_STRIP = NO;
				DEBUG_INFORMATION_FORMAT = "dwarf-with-dsym";
				ENABLE_STRICT_OBJC_MSGSEND = YES;
				ENABLE_TESTABILITY = YES;
				GCC_C_LANGUAGE_STANDARD = gnu99;
				GCC_DYNAMIC_NO_PIC = NO;
				GCC_NO_COMMON_BLOCKS = YES;
				GCC_OPTIMIZATION_LEVEL = 0;
				GCC_PREPROCESSOR_DEFINITIONS = (
					"DEBUG=1",
					"$(inherited)",
				);
				GCC_WARN_64_TO_32_BIT_CONVERSION = YES;
				GCC_WARN_ABOUT_RETURN_TYPE = YES_ERROR;
				GCC_WARN_UNDECLARED_SELECTOR = YES;
				GCC_WARN_UNINITIALIZED_AUTOS = YES_AGGRESSIVE;
				GCC_WARN_UNUSED_FUNCTION = YES;
				GCC_WARN_UNUSED_VARIABLE = YES;
				IPHONEOS_DEPLOYMENT_TARGET = 9.2;
				MTL_ENABLE_DEBUG_INFO = YES;
				ONLY_ACTIVE_ARCH = YES;
				SDKROOT = iphoneos;
				SWIFT_OPTIMIZATION_LEVEL = "-Onone";
			};
			name = Debug;
		};
		7FE7F3F91CE70AB9004CAC48 /* Release */ = {
			isa = XCBuildConfiguration;
			buildSettings = {
				ALWAYS_SEARCH_USER_PATHS = NO;
				CLANG_CXX_LANGUAGE_STANDARD = "gnu++0x";
				CLANG_CXX_LIBRARY = "libc++";
				CLANG_ENABLE_MODULES = YES;
				CLANG_ENABLE_OBJC_ARC = YES;
				CLANG_WARN_BOOL_CONVERSION = YES;
				CLANG_WARN_CONSTANT_CONVERSION = YES;
				CLANG_WARN_DIRECT_OBJC_ISA_USAGE = YES_ERROR;
				CLANG_WARN_EMPTY_BODY = YES;
				CLANG_WARN_ENUM_CONVERSION = YES;
				CLANG_WARN_INT_CONVERSION = YES;
				CLANG_WARN_OBJC_ROOT_CLASS = YES_ERROR;
				CLANG_WARN_UNREACHABLE_CODE = YES;
				CLANG_WARN__DUPLICATE_METHOD_MATCH = YES;
				"CODE_SIGN_IDENTITY[sdk=iphoneos*]" = "iPhone Developer";
				COPY_PHASE_STRIP = NO;
				DEBUG_INFORMATION_FORMAT = "dwarf-with-dsym";
				ENABLE_NS_ASSERTIONS = NO;
				ENABLE_STRICT_OBJC_MSGSEND = YES;
				GCC_C_LANGUAGE_STANDARD = gnu99;
				GCC_NO_COMMON_BLOCKS = YES;
				GCC_WARN_64_TO_32_BIT_CONVERSION = YES;
				GCC_WARN_ABOUT_RETURN_TYPE = YES_ERROR;
				GCC_WARN_UNDECLARED_SELECTOR = YES;
				GCC_WARN_UNINITIALIZED_AUTOS = YES_AGGRESSIVE;
				GCC_WARN_UNUSED_FUNCTION = YES;
				GCC_WARN_UNUSED_VARIABLE = YES;
				IPHONEOS_DEPLOYMENT_TARGET = 9.2;
				MTL_ENABLE_DEBUG_INFO = NO;
				SDKROOT = iphoneos;
				VALIDATE_PRODUCT = YES;
			};
			name = Release;
		};
		7FE7F3FB1CE70AB9004CAC48 /* Debug */ = {
			isa = XCBuildConfiguration;
			buildSettings = {
				ASSETCATALOG_COMPILER_APPICON_NAME = AppIcon;
				INFOPLIST_FILE = Floomer/Info.plist;
				LD_RUNPATH_SEARCH_PATHS = "$(inherited) @executable_path/Frameworks";
				PRODUCT_BUNDLE_IDENTIFIER = CDU.Floomer;
				PRODUCT_NAME = "$(TARGET_NAME)";
			};
			name = Debug;
		};
		7FE7F3FC1CE70AB9004CAC48 /* Release */ = {
			isa = XCBuildConfiguration;
			buildSettings = {
				ASSETCATALOG_COMPILER_APPICON_NAME = AppIcon;
				INFOPLIST_FILE = Floomer/Info.plist;
				LD_RUNPATH_SEARCH_PATHS = "$(inherited) @executable_path/Frameworks";
				PRODUCT_BUNDLE_IDENTIFIER = CDU.Floomer;
				PRODUCT_NAME = "$(TARGET_NAME)";
			};
			name = Release;
		};
/* End XCBuildConfiguration section */

/* Begin XCConfigurationList section */
		7FE7F3DF1CE70AB9004CAC48 /* Build configuration list for PBXProject "Floomer" */ = {
			isa = XCConfigurationList;
			buildConfigurations = (
				7FE7F3F81CE70AB9004CAC48 /* Debug */,
				7FE7F3F91CE70AB9004CAC48 /* Release */,
			);
			defaultConfigurationIsVisible = 0;
			defaultConfigurationName = Release;
		};
		7FE7F3FA1CE70AB9004CAC48 /* Build configuration list for PBXNativeTarget "Floomer" */ = {
			isa = XCConfigurationList;
			buildConfigurations = (
				7FE7F3FB1CE70AB9004CAC48 /* Debug */,
				7FE7F3FC1CE70AB9004CAC48 /* Release */,
			);
			defaultConfigurationIsVisible = 0;
		};
/* End XCConfigurationList section */
	};
	rootObject = 7FE7F3DC1CE70AB9004CAC48 /* Project object */;
}
